
Microsoft Visual Studio Solution File, Format Version 12.00
# Visual Studio Version 17
VisualStudioVersion = 17.4.33205.214
MinimumVisualStudioVersion = 10.0.40219.1
Project("{FAE04EC0-301F-11D3-BF4B-00C04F79EFBC}") = "CSVTEST", "CSVTEST\CSVTEST.csproj", "{0E73CDCF-49E2-4EE1-8558-FC4D3DCC2749}"
EndProject
Global
	GlobalSection(SolutionConfigurationPlatforms) = preSolution
		Debug|Any CPU = Debug|Any CPU
		Release|Any CPU = Release|Any CPU
	EndGlobalSection
	GlobalSection(ProjectConfigurationPlatforms) = postSolution
		{0E73CDCF-49E2-4EE1-8558-FC4D3DCC2749}.Debug|Any CPU.ActiveCfg = Debug|Any CPU
		{0E73CDCF-49E2-4EE1-8558-FC4D3DCC2749}.Debug|Any CPU.Build.0 = Debug|Any CPU
		{0E73CDCF-49E2-4EE1-8558-FC4D3DCC2749}.Release|Any CPU.ActiveCfg = Release|Any CPU
		{0E73CDCF-49E2-4EE1-8558-FC4D3DCC2749}.Release|Any CPU.Build.0 = Release|Any CPU
	EndGlobalSection
	GlobalSection(SolutionProperties) = preSolution
		HideSolutionNode = FALSE
	EndGlobalSection
	GlobalSection(ExtensibilityGlobals) = postSolution
		SolutionGuid = {C897F944-24F7-44CD-8628-791C000A7426}
	EndGlobalSection
EndGlobal
